
Microsoft Visual Studio Solution File, Format Version 12.00
# Visual Studio 15
VisualStudioVersion = 15.0.27130.2027
MinimumVisualStudioVersion = 10.0.40219.1
Project("{FAE04EC0-301F-11D3-BF4B-00C04F79EFBC}") = "Programmaesempioliste", "Programmaesempioliste\Programmaesempioliste.csproj", "{39C42503-2B70-49BE-87FE-625ACB89F891}"
EndProject
Global
	GlobalSection(SolutionConfigurationPlatforms) = preSolution
		Debug|Any CPU = Debug|Any CPU
		Release|Any CPU = Release|Any CPU
	EndGlobalSection
	GlobalSection(ProjectConfigurationPlatforms) = postSolution
		{39C42503-2B70-49BE-87FE-625ACB89F891}.Debug|Any CPU.ActiveCfg = Debug|Any CPU
		{39C42503-2B70-49BE-87FE-625ACB89F891}.Debug|Any CPU.Build.0 = Debug|Any CPU
		{39C42503-2B70-49BE-87FE-625ACB89F891}.Release|Any CPU.ActiveCfg = Release|Any CPU
		{39C42503-2B70-49BE-87FE-625ACB89F891}.Release|Any CPU.Build.0 = Release|Any CPU
	EndGlobalSection
	GlobalSection(SolutionProperties) = preSolution
		HideSolutionNode = FALSE
	EndGlobalSection
	GlobalSection(ExtensibilityGlobals) = postSolution
		SolutionGuid = {5277B014-D6D4-4439-8479-F567F0662517}
	EndGlobalSection
EndGlobal
