
Microsoft Visual Studio Solution File, Format Version 12.00
# Visual Studio 15
VisualStudioVersion = 15.0.27130.2027
MinimumVisualStudioVersion = 10.0.40219.1
Project("{FAE04EC0-301F-11D3-BF4B-00C04F79EFBC}") = "Caffeteria", "Caffeteria\Caffeteria.csproj", "{F7C86C88-8194-4860-9D26-E875E0F61B7C}"
EndProject
Global
	GlobalSection(SolutionConfigurationPlatforms) = preSolution
		Debug|Any CPU = Debug|Any CPU
		Release|Any CPU = Release|Any CPU
	EndGlobalSection
	GlobalSection(ProjectConfigurationPlatforms) = postSolution
		{F7C86C88-8194-4860-9D26-E875E0F61B7C}.Debug|Any CPU.ActiveCfg = Debug|Any CPU
		{F7C86C88-8194-4860-9D26-E875E0F61B7C}.Debug|Any CPU.Build.0 = Debug|Any CPU
		{F7C86C88-8194-4860-9D26-E875E0F61B7C}.Release|Any CPU.ActiveCfg = Release|Any CPU
		{F7C86C88-8194-4860-9D26-E875E0F61B7C}.Release|Any CPU.Build.0 = Release|Any CPU
	EndGlobalSection
	GlobalSection(SolutionProperties) = preSolution
		HideSolutionNode = FALSE
	EndGlobalSection
	GlobalSection(ExtensibilityGlobals) = postSolution
		SolutionGuid = {EB1260B4-2836-4353-B151-C1F4B2167432}
	EndGlobalSection
EndGlobal
